
Microsoft Visual Studio Solution File, Format Version 12.00
# Visual Studio Version 17
VisualStudioVersion = 17.2.32630.192
MinimumVisualStudioVersion = 10.0.40219.1
Project("{9A19103F-16F7-4668-BE54-9A1E7A4F7556}") = "GraphLibrary", "GraphLibrary\GraphLibrary.csproj", "{B089AECB-F3F1-4DDB-9A96-FBDD31BDD0A4}"
EndProject
Project("{9A19103F-16F7-4668-BE54-9A1E7A4F7556}") = "Graph_ConsoleUI", "Graph_ConsoleUI\Graph_ConsoleUI.csproj", "{F4CA02D0-A876-4C84-BDC6-14707C74791E}"
EndProject
Global
	GlobalSection(SolutionConfigurationPlatforms) = preSolution
		Debug|Any CPU = Debug|Any CPU
		Release|Any CPU = Release|Any CPU
	EndGlobalSection
	GlobalSection(ProjectConfigurationPlatforms) = postSolution
		{B089AECB-F3F1-4DDB-9A96-FBDD31BDD0A4}.Debug|Any CPU.ActiveCfg = Debug|Any CPU
		{B089AECB-F3F1-4DDB-9A96-FBDD31BDD0A4}.Debug|Any CPU.Build.0 = Debug|Any CPU
		{B089AECB-F3F1-4DDB-9A96-FBDD31BDD0A4}.Release|Any CPU.ActiveCfg = Release|Any CPU
		{B089AECB-F3F1-4DDB-9A96-FBDD31BDD0A4}.Release|Any CPU.Build.0 = Release|Any CPU
		{F4CA02D0-A876-4C84-BDC6-14707C74791E}.Debug|Any CPU.ActiveCfg = Debug|Any CPU
		{F4CA02D0-A876-4C84-BDC6-14707C74791E}.Debug|Any CPU.Build.0 = Debug|Any CPU
		{F4CA02D0-A876-4C84-BDC6-14707C74791E}.Release|Any CPU.ActiveCfg = Release|Any CPU
		{F4CA02D0-A876-4C84-BDC6-14707C74791E}.Release|Any CPU.Build.0 = Release|Any CPU
	EndGlobalSection
	GlobalSection(SolutionProperties) = preSolution
		HideSolutionNode = FALSE
	EndGlobalSection
	GlobalSection(ExtensibilityGlobals) = postSolution
		SolutionGuid = {47D3A56E-E2B8-4428-8409-B9D20D4B399D}
	EndGlobalSection
EndGlobal
